
Microsoft Visual Studio Solution File, Format Version 12.00
# Visual Studio Version 17
VisualStudioVersion = 17.7.34024.191
MinimumVisualStudioVersion = 10.0.40219.1
Project("{FAE04EC0-301F-11D3-BF4B-00C04F79EFBC}") = "Dnevnik", "Dnevnik\Dnevnik.csproj", "{95EB300D-2963-421F-8B31-5C82416B24F4}"
EndProject
Global
	GlobalSection(SolutionConfigurationPlatforms) = preSolution
		Debug|Any CPU = Debug|Any CPU
		Release|Any CPU = Release|Any CPU
	EndGlobalSection
	GlobalSection(ProjectConfigurationPlatforms) = postSolution
		{95EB300D-2963-421F-8B31-5C82416B24F4}.Debug|Any CPU.ActiveCfg = Debug|Any CPU
		{95EB300D-2963-421F-8B31-5C82416B24F4}.Debug|Any CPU.Build.0 = Debug|Any CPU
		{95EB300D-2963-421F-8B31-5C82416B24F4}.Release|Any CPU.ActiveCfg = Release|Any CPU
		{95EB300D-2963-421F-8B31-5C82416B24F4}.Release|Any CPU.Build.0 = Release|Any CPU
	EndGlobalSection
	GlobalSection(SolutionProperties) = preSolution
		HideSolutionNode = FALSE
	EndGlobalSection
	GlobalSection(ExtensibilityGlobals) = postSolution
		SolutionGuid = {589D773B-3E46-456F-B846-93675090885D}
	EndGlobalSection
EndGlobal
